// !$*UTF8*$!
{
	archiveVersion = 1;
	classes = {
	};
	objectVersion = 51;
	objects = {

/* Begin PBXBuildFile section */
		0EBF1DE6B3CC90BD12A90824 /* Pods_Reciplease.framework in Frameworks */ = {isa = PBXBuildFile; fileRef = 5993D39590D4F8A31FD10157 /* Pods_Reciplease.framework */; };
		20BF3DEF2784A0C500064DC1 /* RecipeData.swift in Sources */ = {isa = PBXBuildFile; fileRef = 20BF3DEE2784A0C500064DC1 /* RecipeData.swift */; };
		20BF3E09278600D600064DC1 /* RecipeTableViewCell.swift in Sources */ = {isa = PBXBuildFile; fileRef = 20BF3E08278600D600064DC1 /* RecipeTableViewCell.swift */; };
		20BF3E24278C79C300064DC1 /* FavoriteTableViewCell.swift in Sources */ = {isa = PBXBuildFile; fileRef = 20BF3E23278C79C300064DC1 /* FavoriteTableViewCell.swift */; };
		20BF3E29278C81E900064DC1 /* FavoriteService.swift in Sources */ = {isa = PBXBuildFile; fileRef = 20BF3E28278C81E900064DC1 /* FavoriteService.swift */; };
		20E879EE277C7956005B3DB2 /* AppDelegate.swift in Sources */ = {isa = PBXBuildFile; fileRef = 20E879ED277C7956005B3DB2 /* AppDelegate.swift */; };
		20E879F0277C7956005B3DB2 /* SceneDelegate.swift in Sources */ = {isa = PBXBuildFile; fileRef = 20E879EF277C7956005B3DB2 /* SceneDelegate.swift */; };
		20E879F5277C7956005B3DB2 /* Main.storyboard in Resources */ = {isa = PBXBuildFile; fileRef = 20E879F3277C7956005B3DB2 /* Main.storyboard */; };
		20E879F8277C7956005B3DB2 /* Reciplease.xcdatamodeld in Sources */ = {isa = PBXBuildFile; fileRef = 20E879F6277C7956005B3DB2 /* Reciplease.xcdatamodeld */; };
		20E879FA277C7961005B3DB2 /* Assets.xcassets in Resources */ = {isa = PBXBuildFile; fileRef = 20E879F9277C7961005B3DB2 /* Assets.xcassets */; };
		20E879FD277C7961005B3DB2 /* LaunchScreen.storyboard in Resources */ = {isa = PBXBuildFile; fileRef = 20E879FB277C7961005B3DB2 /* LaunchScreen.storyboard */; };
		20E87A08277C7961005B3DB2 /* RecipleaseTests.swift in Sources */ = {isa = PBXBuildFile; fileRef = 20E87A07277C7961005B3DB2 /* RecipleaseTests.swift */; };
		20E87A13277C7961005B3DB2 /* RecipleaseUITests.swift in Sources */ = {isa = PBXBuildFile; fileRef = 20E87A12277C7961005B3DB2 /* RecipleaseUITests.swift */; };
		20E87A32277CB68F005B3DB2 /* IngredientsViewController.swift in Sources */ = {isa = PBXBuildFile; fileRef = 20E87A31277CB68F005B3DB2 /* IngredientsViewController.swift */; };
		20E87A37277CB7A9005B3DB2 /* RecipesViewController.swift in Sources */ = {isa = PBXBuildFile; fileRef = 20E87A36277CB7A9005B3DB2 /* RecipesViewController.swift */; };
		20E87A3C277CC33E005B3DB2 /* RecipeDetailViewController.swift in Sources */ = {isa = PBXBuildFile; fileRef = 20E87A3B277CC33E005B3DB2 /* RecipeDetailViewController.swift */; };
		20E87A4127833D28005B3DB2 /* FavoritesViewController.swift in Sources */ = {isa = PBXBuildFile; fileRef = 20E87A4027833D28005B3DB2 /* FavoritesViewController.swift */; };
		20E87A57278491C1005B3DB2 /* NetworkService.swift in Sources */ = {isa = PBXBuildFile; fileRef = 20E87A56278491C1005B3DB2 /* NetworkService.swift */; };
		A70B1D4091A3950029CA74CC /* libPods-RecipleaseUITests.a in Frameworks */ = {isa = PBXBuildFile; fileRef = 7C03D87301BE7DB395BDE388 /* libPods-RecipleaseUITests.a */; };
		D69DC7AC505A77DFFB0229E6 /* libPods-RecipleaseTests.a in Frameworks */ = {isa = PBXBuildFile; fileRef = EC0ECCB4DC4C147538AA1073 /* libPods-RecipleaseTests.a */; };
/* End PBXBuildFile section */

/* Begin PBXContainerItemProxy section */
		20E87A04277C7961005B3DB2 /* PBXContainerItemProxy */ = {
			isa = PBXContainerItemProxy;
			containerPortal = 20E879E2277C7956005B3DB2 /* Project object */;
			proxyType = 1;
			remoteGlobalIDString = 20E879E9277C7956005B3DB2;
			remoteInfo = Reciplease;
		};
		20E87A0F277C7961005B3DB2 /* PBXContainerItemProxy */ = {
			isa = PBXContainerItemProxy;
			containerPortal = 20E879E2277C7956005B3DB2 /* Project object */;
			proxyType = 1;
			remoteGlobalIDString = 20E879E9277C7956005B3DB2;
			remoteInfo = Reciplease;
		};
/* End PBXContainerItemProxy section */

/* Begin PBXFileReference section */
		20BF3DEE2784A0C500064DC1 /* RecipeData.swift */ = {isa = PBXFileReference; lastKnownFileType = sourcecode.swift; path = RecipeData.swift; sourceTree = "<group>"; };
		20BF3E08278600D600064DC1 /* RecipeTableViewCell.swift */ = {isa = PBXFileReference; lastKnownFileType = sourcecode.swift; path = RecipeTableViewCell.swift; sourceTree = "<group>"; };
		20BF3E23278C79C300064DC1 /* FavoriteTableViewCell.swift */ = {isa = PBXFileReference; lastKnownFileType = sourcecode.swift; path = FavoriteTableViewCell.swift; sourceTree = "<group>"; };
		20BF3E28278C81E900064DC1 /* FavoriteService.swift */ = {isa = PBXFileReference; lastKnownFileType = sourcecode.swift; name = FavoriteService.swift; path = Reciplease/Controller/Favorites/FavoriteService.swift; sourceTree = SOURCE_ROOT; };
		20E879EA277C7956005B3DB2 /* Reciplease.app */ = {isa = PBXFileReference; explicitFileType = wrapper.application; includeInIndex = 0; path = Reciplease.app; sourceTree = BUILT_PRODUCTS_DIR; };
		20E879ED277C7956005B3DB2 /* AppDelegate.swift */ = {isa = PBXFileReference; lastKnownFileType = sourcecode.swift; path = AppDelegate.swift; sourceTree = "<group>"; };
		20E879EF277C7956005B3DB2 /* SceneDelegate.swift */ = {isa = PBXFileReference; lastKnownFileType = sourcecode.swift; path = SceneDelegate.swift; sourceTree = "<group>"; };
		20E879F4277C7956005B3DB2 /* Base */ = {isa = PBXFileReference; lastKnownFileType = file.storyboard; name = Base; path = Base.lproj/Main.storyboard; sourceTree = "<group>"; };
		20E879F7277C7956005B3DB2 /* Reciplease.xcdatamodel */ = {isa = PBXFileReference; lastKnownFileType = wrapper.xcdatamodel; path = Reciplease.xcdatamodel; sourceTree = "<group>"; };
		20E879F9277C7961005B3DB2 /* Assets.xcassets */ = {isa = PBXFileReference; lastKnownFileType = folder.assetcatalog; path = Assets.xcassets; sourceTree = "<group>"; };
		20E879FC277C7961005B3DB2 /* Base */ = {isa = PBXFileReference; lastKnownFileType = file.storyboard; name = Base; path = Base.lproj/LaunchScreen.storyboard; sourceTree = "<group>"; };
		20E879FE277C7961005B3DB2 /* Info.plist */ = {isa = PBXFileReference; lastKnownFileType = text.plist.xml; path = Info.plist; sourceTree = "<group>"; };
		20E87A03277C7961005B3DB2 /* RecipleaseTests.xctest */ = {isa = PBXFileReference; explicitFileType = wrapper.cfbundle; includeInIndex = 0; path = RecipleaseTests.xctest; sourceTree = BUILT_PRODUCTS_DIR; };
		20E87A07277C7961005B3DB2 /* RecipleaseTests.swift */ = {isa = PBXFileReference; lastKnownFileType = sourcecode.swift; path = RecipleaseTests.swift; sourceTree = "<group>"; };
		20E87A09277C7961005B3DB2 /* Info.plist */ = {isa = PBXFileReference; lastKnownFileType = text.plist.xml; path = Info.plist; sourceTree = "<group>"; };
		20E87A0E277C7961005B3DB2 /* RecipleaseUITests.xctest */ = {isa = PBXFileReference; explicitFileType = wrapper.cfbundle; includeInIndex = 0; path = RecipleaseUITests.xctest; sourceTree = BUILT_PRODUCTS_DIR; };
		20E87A12277C7961005B3DB2 /* RecipleaseUITests.swift */ = {isa = PBXFileReference; lastKnownFileType = sourcecode.swift; path = RecipleaseUITests.swift; sourceTree = "<group>"; };
		20E87A14277C7961005B3DB2 /* Info.plist */ = {isa = PBXFileReference; lastKnownFileType = text.plist.xml; path = Info.plist; sourceTree = "<group>"; };
		20E87A31277CB68F005B3DB2 /* IngredientsViewController.swift */ = {isa = PBXFileReference; lastKnownFileType = sourcecode.swift; name = IngredientsViewController.swift; path = Reciplease/Controller/Search/IngredientsViewController.swift; sourceTree = SOURCE_ROOT; };
		20E87A36277CB7A9005B3DB2 /* RecipesViewController.swift */ = {isa = PBXFileReference; lastKnownFileType = sourcecode.swift; name = RecipesViewController.swift; path = Reciplease/Controller/Search/RecipesViewController.swift; sourceTree = SOURCE_ROOT; };
		20E87A3B277CC33E005B3DB2 /* RecipeDetailViewController.swift */ = {isa = PBXFileReference; lastKnownFileType = sourcecode.swift; name = RecipeDetailViewController.swift; path = Reciplease/Controller/Search/RecipeDetailViewController.swift; sourceTree = SOURCE_ROOT; };
		20E87A4027833D28005B3DB2 /* FavoritesViewController.swift */ = {isa = PBXFileReference; lastKnownFileType = sourcecode.swift; name = FavoritesViewController.swift; path = Reciplease/Controller/Favorites/FavoritesViewController.swift; sourceTree = SOURCE_ROOT; };
		20E87A56278491C1005B3DB2 /* NetworkService.swift */ = {isa = PBXFileReference; lastKnownFileType = sourcecode.swift; path = NetworkService.swift; sourceTree = "<group>"; };
		5993D39590D4F8A31FD10157 /* Pods_Reciplease.framework */ = {isa = PBXFileReference; explicitFileType = wrapper.framework; includeInIndex = 0; path = Pods_Reciplease.framework; sourceTree = BUILT_PRODUCTS_DIR; };
		68BF2485449A524CA741FE6A /* Pods-Reciplease.release.xcconfig */ = {isa = PBXFileReference; includeInIndex = 1; lastKnownFileType = text.xcconfig; name = "Pods-Reciplease.release.xcconfig"; path = "Target Support Files/Pods-Reciplease/Pods-Reciplease.release.xcconfig"; sourceTree = "<group>"; };
		7C03D87301BE7DB395BDE388 /* libPods-RecipleaseUITests.a */ = {isa = PBXFileReference; explicitFileType = archive.ar; includeInIndex = 0; path = "libPods-RecipleaseUITests.a"; sourceTree = BUILT_PRODUCTS_DIR; };
		85C49A98F066051165FA8D12 /* Pods-RecipleaseUITests.debug.xcconfig */ = {isa = PBXFileReference; includeInIndex = 1; lastKnownFileType = text.xcconfig; name = "Pods-RecipleaseUITests.debug.xcconfig"; path = "Target Support Files/Pods-RecipleaseUITests/Pods-RecipleaseUITests.debug.xcconfig"; sourceTree = "<group>"; };
		894B201CC631986EB7082CA9 /* Pods-Reciplease.debug.xcconfig */ = {isa = PBXFileReference; includeInIndex = 1; lastKnownFileType = text.xcconfig; name = "Pods-Reciplease.debug.xcconfig"; path = "Target Support Files/Pods-Reciplease/Pods-Reciplease.debug.xcconfig"; sourceTree = "<group>"; };
		AB931E34110589884A3688A9 /* Pods-RecipleaseTests.release.xcconfig */ = {isa = PBXFileReference; includeInIndex = 1; lastKnownFileType = text.xcconfig; name = "Pods-RecipleaseTests.release.xcconfig"; path = "Target Support Files/Pods-RecipleaseTests/Pods-RecipleaseTests.release.xcconfig"; sourceTree = "<group>"; };
		BBAC19B95A56DD344CC1FBFE /* Pods-RecipleaseTests.debug.xcconfig */ = {isa = PBXFileReference; includeInIndex = 1; lastKnownFileType = text.xcconfig; name = "Pods-RecipleaseTests.debug.xcconfig"; path = "Target Support Files/Pods-RecipleaseTests/Pods-RecipleaseTests.debug.xcconfig"; sourceTree = "<group>"; };
		D1F5311497EEC441F8C42A13 /* Pods-RecipleaseUITests.release.xcconfig */ = {isa = PBXFileReference; includeInIndex = 1; lastKnownFileType = text.xcconfig; name = "Pods-RecipleaseUITests.release.xcconfig"; path = "Target Support Files/Pods-RecipleaseUITests/Pods-RecipleaseUITests.release.xcconfig"; sourceTree = "<group>"; };
		EC0ECCB4DC4C147538AA1073 /* libPods-RecipleaseTests.a */ = {isa = PBXFileReference; explicitFileType = archive.ar; includeInIndex = 0; path = "libPods-RecipleaseTests.a"; sourceTree = BUILT_PRODUCTS_DIR; };
/* End PBXFileReference section */

/* Begin PBXFrameworksBuildPhase section */
		20E879E7277C7956005B3DB2 /* Frameworks */ = {
			isa = PBXFrameworksBuildPhase;
			buildActionMask = 2147483647;
			files = (
				0EBF1DE6B3CC90BD12A90824 /* Pods_Reciplease.framework in Frameworks */,
			);
			runOnlyForDeploymentPostprocessing = 0;
		};
		20E87A00277C7961005B3DB2 /* Frameworks */ = {
			isa = PBXFrameworksBuildPhase;
			buildActionMask = 2147483647;
			files = (
				D69DC7AC505A77DFFB0229E6 /* libPods-RecipleaseTests.a in Frameworks */,
			);
			runOnlyForDeploymentPostprocessing = 0;
		};
		20E87A0B277C7961005B3DB2 /* Frameworks */ = {
			isa = PBXFrameworksBuildPhase;
			buildActionMask = 2147483647;
			files = (
				A70B1D4091A3950029CA74CC /* libPods-RecipleaseUITests.a in Frameworks */,
			);
			runOnlyForDeploymentPostprocessing = 0;
		};
/* End PBXFrameworksBuildPhase section */

/* Begin PBXGroup section */
		20E879E1277C7956005B3DB2 = {
			isa = PBXGroup;
			children = (
				20E879EC277C7956005B3DB2 /* Reciplease */,
				20E87A06277C7961005B3DB2 /* RecipleaseTests */,
				20E87A11277C7961005B3DB2 /* RecipleaseUITests */,
				20E879EB277C7956005B3DB2 /* Products */,
				7DAF56C844342A14BEBCAA4A /* Pods */,
				9D142834382E816E59C1C152 /* Frameworks */,
			);
			sourceTree = "<group>";
		};
		20E879EB277C7956005B3DB2 /* Products */ = {
			isa = PBXGroup;
			children = (
				20E879EA277C7956005B3DB2 /* Reciplease.app */,
				20E87A03277C7961005B3DB2 /* RecipleaseTests.xctest */,
				20E87A0E277C7961005B3DB2 /* RecipleaseUITests.xctest */,
			);
			name = Products;
			sourceTree = "<group>";
		};
		20E879EC277C7956005B3DB2 /* Reciplease */ = {
			isa = PBXGroup;
			children = (
				20E87A29277C79A5005B3DB2 /* Supporting files */,
				20E87A28277C799C005B3DB2 /* Model */,
				20E87A27277C7992005B3DB2 /* View */,
				20E87A26277C7986005B3DB2 /* Controller */,
			);
			path = Reciplease;
			sourceTree = "<group>";
		};
		20E87A06277C7961005B3DB2 /* RecipleaseTests */ = {
			isa = PBXGroup;
			children = (
				20E87A07277C7961005B3DB2 /* RecipleaseTests.swift */,
				20E87A09277C7961005B3DB2 /* Info.plist */,
			);
			path = RecipleaseTests;
			sourceTree = "<group>";
		};
		20E87A11277C7961005B3DB2 /* RecipleaseUITests */ = {
			isa = PBXGroup;
			children = (
				20E87A12277C7961005B3DB2 /* RecipleaseUITests.swift */,
				20E87A14277C7961005B3DB2 /* Info.plist */,
			);
			path = RecipleaseUITests;
			sourceTree = "<group>";
		};
		20E87A26277C7986005B3DB2 /* Controller */ = {
			isa = PBXGroup;
			children = (
				20E87A55278490B7005B3DB2 /* Search */,
				20E87A54278490A9005B3DB2 /* Favorites */,
			);
			path = Controller;
			sourceTree = "<group>";
		};
		20E87A27277C7992005B3DB2 /* View */ = {
			isa = PBXGroup;
			children = (
				20E879F3277C7956005B3DB2 /* Main.storyboard */,
				20BF3E23278C79C300064DC1 /* FavoriteTableViewCell.swift */,
				20BF3E08278600D600064DC1 /* RecipeTableViewCell.swift */,
			);
			path = View;
			sourceTree = "<group>";
		};
		20E87A28277C799C005B3DB2 /* Model */ = {
			isa = PBXGroup;
			children = (
				20E87A2A277C7C39005B3DB2 /* CoreData */,
				20BF3DEE2784A0C500064DC1 /* RecipeData.swift */,
				20E87A56278491C1005B3DB2 /* NetworkService.swift */,
				20BF3E28278C81E900064DC1 /* FavoriteService.swift */,
			);
			path = Model;
			sourceTree = "<group>";
		};
		20E87A29277C79A5005B3DB2 /* Supporting files */ = {
			isa = PBXGroup;
			children = (
				20E879FE277C7961005B3DB2 /* Info.plist */,
				20E879FB277C7961005B3DB2 /* LaunchScreen.storyboard */,
				20E879F9277C7961005B3DB2 /* Assets.xcassets */,
				20E879ED277C7956005B3DB2 /* AppDelegate.swift */,
				20E879EF277C7956005B3DB2 /* SceneDelegate.swift */,
			);
			path = "Supporting files";
			sourceTree = "<group>";
		};
		20E87A2A277C7C39005B3DB2 /* CoreData */ = {
			isa = PBXGroup;
			children = (
				20E879F6277C7956005B3DB2 /* Reciplease.xcdatamodeld */,
			);
			path = CoreData;
			sourceTree = "<group>";
		};
		20E87A54278490A9005B3DB2 /* Favorites */ = {
			isa = PBXGroup;
			children = (
				20E87A4027833D28005B3DB2 /* FavoritesViewController.swift */,
			);
			path = Favorites;
			sourceTree = "<group>";
		};
		20E87A55278490B7005B3DB2 /* Search */ = {
			isa = PBXGroup;
			children = (
				20E87A31277CB68F005B3DB2 /* IngredientsViewController.swift */,
				20E87A36277CB7A9005B3DB2 /* RecipesViewController.swift */,
				20E87A3B277CC33E005B3DB2 /* RecipeDetailViewController.swift */,
			);
			path = Search;
			sourceTree = "<group>";
		};
		7DAF56C844342A14BEBCAA4A /* Pods */ = {
			isa = PBXGroup;
			children = (
				894B201CC631986EB7082CA9 /* Pods-Reciplease.debug.xcconfig */,
				68BF2485449A524CA741FE6A /* Pods-Reciplease.release.xcconfig */,
				BBAC19B95A56DD344CC1FBFE /* Pods-RecipleaseTests.debug.xcconfig */,
				AB931E34110589884A3688A9 /* Pods-RecipleaseTests.release.xcconfig */,
				85C49A98F066051165FA8D12 /* Pods-RecipleaseUITests.debug.xcconfig */,
				D1F5311497EEC441F8C42A13 /* Pods-RecipleaseUITests.release.xcconfig */,
			);
			path = Pods;
			sourceTree = "<group>";
		};
		9D142834382E816E59C1C152 /* Frameworks */ = {
			isa = PBXGroup;
			children = (
				5993D39590D4F8A31FD10157 /* Pods_Reciplease.framework */,
				EC0ECCB4DC4C147538AA1073 /* libPods-RecipleaseTests.a */,
				7C03D87301BE7DB395BDE388 /* libPods-RecipleaseUITests.a */,
			);
			name = Frameworks;
			sourceTree = "<group>";
		};
/* End PBXGroup section */

/* Begin PBXNativeTarget section */
		20E879E9277C7956005B3DB2 /* Reciplease */ = {
			isa = PBXNativeTarget;
			buildConfigurationList = 20E87A17277C7961005B3DB2 /* Build configuration list for PBXNativeTarget "Reciplease" */;
			buildPhases = (
				119617024379090EB90F1867 /* [CP] Check Pods Manifest.lock */,
				20E879E6277C7956005B3DB2 /* Sources */,
				20E879E7277C7956005B3DB2 /* Frameworks */,
				20E879E8277C7956005B3DB2 /* Resources */,
				13E40AA303757F720EC7241D /* [CP] Embed Pods Frameworks */,
			);
			buildRules = (
			);
			dependencies = (
			);
			name = Reciplease;
			productName = Reciplease;
			productReference = 20E879EA277C7956005B3DB2 /* Reciplease.app */;
			productType = "com.apple.product-type.application";
		};
		20E87A02277C7961005B3DB2 /* RecipleaseTests */ = {
			isa = PBXNativeTarget;
			buildConfigurationList = 20E87A1A277C7961005B3DB2 /* Build configuration list for PBXNativeTarget "RecipleaseTests" */;
			buildPhases = (
				C44766779E5B4F647240DA94 /* [CP] Check Pods Manifest.lock */,
				20E879FF277C7961005B3DB2 /* Sources */,
				20E87A00277C7961005B3DB2 /* Frameworks */,
				20E87A01277C7961005B3DB2 /* Resources */,
			);
			buildRules = (
			);
			dependencies = (
				20E87A05277C7961005B3DB2 /* PBXTargetDependency */,
			);
			name = RecipleaseTests;
			productName = RecipleaseTests;
			productReference = 20E87A03277C7961005B3DB2 /* RecipleaseTests.xctest */;
			productType = "com.apple.product-type.bundle.unit-test";
		};
		20E87A0D277C7961005B3DB2 /* RecipleaseUITests */ = {
			isa = PBXNativeTarget;
			buildConfigurationList = 20E87A1D277C7961005B3DB2 /* Build configuration list for PBXNativeTarget "RecipleaseUITests" */;
			buildPhases = (
				5D2ED057380BD183EED81E4D /* [CP] Check Pods Manifest.lock */,
				20E87A0A277C7961005B3DB2 /* Sources */,
				20E87A0B277C7961005B3DB2 /* Frameworks */,
				20E87A0C277C7961005B3DB2 /* Resources */,
			);
			buildRules = (
			);
			dependencies = (
				20E87A10277C7961005B3DB2 /* PBXTargetDependency */,
			);
			name = RecipleaseUITests;
			productName = RecipleaseUITests;
			productReference = 20E87A0E277C7961005B3DB2 /* RecipleaseUITests.xctest */;
			productType = "com.apple.product-type.bundle.ui-testing";
		};
/* End PBXNativeTarget section */

/* Begin PBXProject section */
		20E879E2277C7956005B3DB2 /* Project object */ = {
			isa = PBXProject;
			attributes = {
				LastSwiftUpdateCheck = 1240;
				LastUpgradeCheck = 1240;
				TargetAttributes = {
					20E879E9277C7956005B3DB2 = {
						CreatedOnToolsVersion = 12.4;
					};
					20E87A02277C7961005B3DB2 = {
						CreatedOnToolsVersion = 12.4;
						TestTargetID = 20E879E9277C7956005B3DB2;
					};
					20E87A0D277C7961005B3DB2 = {
						CreatedOnToolsVersion = 12.4;
						TestTargetID = 20E879E9277C7956005B3DB2;
					};
				};
			};
			buildConfigurationList = 20E879E5277C7956005B3DB2 /* Build configuration list for PBXProject "Reciplease" */;
			compatibilityVersion = "Xcode 9.3";
			developmentRegion = en;
			hasScannedForEncodings = 0;
			knownRegions = (
				en,
				Base,
			);
			mainGroup = 20E879E1277C7956005B3DB2;
			productRefGroup = 20E879EB277C7956005B3DB2 /* Products */;
			projectDirPath = "";
			projectRoot = "";
			targets = (
				20E879E9277C7956005B3DB2 /* Reciplease */,
				20E87A02277C7961005B3DB2 /* RecipleaseTests */,
				20E87A0D277C7961005B3DB2 /* RecipleaseUITests */,
			);
		};
/* End PBXProject section */

/* Begin PBXResourcesBuildPhase section */
		20E879E8277C7956005B3DB2 /* Resources */ = {
			isa = PBXResourcesBuildPhase;
			buildActionMask = 2147483647;
			files = (
				20E879FD277C7961005B3DB2 /* LaunchScreen.storyboard in Resources */,
				20E879FA277C7961005B3DB2 /* Assets.xcassets in Resources */,
				20E879F5277C7956005B3DB2 /* Main.storyboard in Resources */,
			);
			runOnlyForDeploymentPostprocessing = 0;
		};
		20E87A01277C7961005B3DB2 /* Resources */ = {
			isa = PBXResourcesBuildPhase;
			buildActionMask = 2147483647;
			files = (
			);
			runOnlyForDeploymentPostprocessing = 0;
		};
		20E87A0C277C7961005B3DB2 /* Resources */ = {
			isa = PBXResourcesBuildPhase;
			buildActionMask = 2147483647;
			files = (
			);
			runOnlyForDeploymentPostprocessing = 0;
		};
/* End PBXResourcesBuildPhase section */

/* Begin PBXShellScriptBuildPhase section */
		119617024379090EB90F1867 /* [CP] Check Pods Manifest.lock */ = {
			isa = PBXShellScriptBuildPhase;
			buildActionMask = 2147483647;
			files = (
			);
			inputFileListPaths = (
			);
			inputPaths = (
				"${PODS_PODFILE_DIR_PATH}/Podfile.lock",
				"${PODS_ROOT}/Manifest.lock",
			);
			name = "[CP] Check Pods Manifest.lock";
			outputFileListPaths = (
			);
			outputPaths = (
				"$(DERIVED_FILE_DIR)/Pods-Reciplease-checkManifestLockResult.txt",
			);
			runOnlyForDeploymentPostprocessing = 0;
			shellPath = /bin/sh;
			shellScript = "diff \"${PODS_PODFILE_DIR_PATH}/Podfile.lock\" \"${PODS_ROOT}/Manifest.lock\" > /dev/null\nif [ $? != 0 ] ; then\n    # print error to STDERR\n    echo \"error: The sandbox is not in sync with the Podfile.lock. Run 'pod install' or update your CocoaPods installation.\" >&2\n    exit 1\nfi\n# This output is used by Xcode 'outputs' to avoid re-running this script phase.\necho \"SUCCESS\" > \"${SCRIPT_OUTPUT_FILE_0}\"\n";
			showEnvVarsInLog = 0;
		};
		13E40AA303757F720EC7241D /* [CP] Embed Pods Frameworks */ = {
			isa = PBXShellScriptBuildPhase;
			buildActionMask = 2147483647;
			files = (
			);
			inputFileListPaths = (
				"${PODS_ROOT}/Target Support Files/Pods-Reciplease/Pods-Reciplease-frameworks-${CONFIGURATION}-input-files.xcfilelist",
			);
			name = "[CP] Embed Pods Frameworks";
			outputFileListPaths = (
				"${PODS_ROOT}/Target Support Files/Pods-Reciplease/Pods-Reciplease-frameworks-${CONFIGURATION}-output-files.xcfilelist",
			);
			runOnlyForDeploymentPostprocessing = 0;
			shellPath = /bin/sh;
			shellScript = "\"${PODS_ROOT}/Target Support Files/Pods-Reciplease/Pods-Reciplease-frameworks.sh\"\n";
			showEnvVarsInLog = 0;
		};
		5D2ED057380BD183EED81E4D /* [CP] Check Pods Manifest.lock */ = {
			isa = PBXShellScriptBuildPhase;
			buildActionMask = 2147483647;
			files = (
			);
			inputFileListPaths = (
			);
			inputPaths = (
				"${PODS_PODFILE_DIR_PATH}/Podfile.lock",
				"${PODS_ROOT}/Manifest.lock",
			);
			name = "[CP] Check Pods Manifest.lock";
			outputFileListPaths = (
			);
			outputPaths = (
				"$(DERIVED_FILE_DIR)/Pods-RecipleaseUITests-checkManifestLockResult.txt",
			);
			runOnlyForDeploymentPostprocessing = 0;
			shellPath = /bin/sh;
			shellScript = "diff \"${PODS_PODFILE_DIR_PATH}/Podfile.lock\" \"${PODS_ROOT}/Manifest.lock\" > /dev/null\nif [ $? != 0 ] ; then\n    # print error to STDERR\n    echo \"error: The sandbox is not in sync with the Podfile.lock. Run 'pod install' or update your CocoaPods installation.\" >&2\n    exit 1\nfi\n# This output is used by Xcode 'outputs' to avoid re-running this script phase.\necho \"SUCCESS\" > \"${SCRIPT_OUTPUT_FILE_0}\"\n";
			showEnvVarsInLog = 0;
		};
		C44766779E5B4F647240DA94 /* [CP] Check Pods Manifest.lock */ = {
			isa = PBXShellScriptBuildPhase;
			buildActionMask = 2147483647;
			files = (
			);
			inputFileListPaths = (
			);
			inputPaths = (
				"${PODS_PODFILE_DIR_PATH}/Podfile.lock",
				"${PODS_ROOT}/Manifest.lock",
			);
			name = "[CP] Check Pods Manifest.lock";
			outputFileListPaths = (
			);
			outputPaths = (
				"$(DERIVED_FILE_DIR)/Pods-RecipleaseTests-checkManifestLockResult.txt",
			);
			runOnlyForDeploymentPostprocessing = 0;
			shellPath = /bin/sh;
			shellScript = "diff \"${PODS_PODFILE_DIR_PATH}/Podfile.lock\" \"${PODS_ROOT}/Manifest.lock\" > /dev/null\nif [ $? != 0 ] ; then\n    # print error to STDERR\n    echo \"error: The sandbox is not in sync with the Podfile.lock. Run 'pod install' or update your CocoaPods installation.\" >&2\n    exit 1\nfi\n# This output is used by Xcode 'outputs' to avoid re-running this script phase.\necho \"SUCCESS\" > \"${SCRIPT_OUTPUT_FILE_0}\"\n";
			showEnvVarsInLog = 0;
		};
/* End PBXShellScriptBuildPhase section */

/* Begin PBXSourcesBuildPhase section */
		20E879E6277C7956005B3DB2 /* Sources */ = {
			isa = PBXSourcesBuildPhase;
			buildActionMask = 2147483647;
			files = (
				20E879F8277C7956005B3DB2 /* Reciplease.xcdatamodeld in Sources */,
				20BF3E24278C79C300064DC1 /* FavoriteTableViewCell.swift in Sources */,
				20E87A32277CB68F005B3DB2 /* IngredientsViewController.swift in Sources */,
				20E87A4127833D28005B3DB2 /* FavoritesViewController.swift in Sources */,
				20BF3E29278C81E900064DC1 /* FavoriteService.swift in Sources */,
				20BF3E09278600D600064DC1 /* RecipeTableViewCell.swift in Sources */,
				20E879EE277C7956005B3DB2 /* AppDelegate.swift in Sources */,
				20E87A57278491C1005B3DB2 /* NetworkService.swift in Sources */,
				20E87A37277CB7A9005B3DB2 /* RecipesViewController.swift in Sources */,
				20E87A3C277CC33E005B3DB2 /* RecipeDetailViewController.swift in Sources */,
				20E879F0277C7956005B3DB2 /* SceneDelegate.swift in Sources */,
				20BF3DEF2784A0C500064DC1 /* RecipeData.swift in Sources */,
			);
			runOnlyForDeploymentPostprocessing = 0;
		};
		20E879FF277C7961005B3DB2 /* Sources */ = {
			isa = PBXSourcesBuildPhase;
			buildActionMask = 2147483647;
			files = (
				20E87A08277C7961005B3DB2 /* RecipleaseTests.swift in Sources */,
			);
			runOnlyForDeploymentPostprocessing = 0;
		};
		20E87A0A277C7961005B3DB2 /* Sources */ = {
			isa = PBXSourcesBuildPhase;
			buildActionMask = 2147483647;
			files = (
				20E87A13277C7961005B3DB2 /* RecipleaseUITests.swift in Sources */,
			);
			runOnlyForDeploymentPostprocessing = 0;
		};
/* End PBXSourcesBuildPhase section */

/* Begin PBXTargetDependency section */
		20E87A05277C7961005B3DB2 /* PBXTargetDependency */ = {
			isa = PBXTargetDependency;
			target = 20E879E9277C7956005B3DB2 /* Reciplease */;
			targetProxy = 20E87A04277C7961005B3DB2 /* PBXContainerItemProxy */;
		};
		20E87A10277C7961005B3DB2 /* PBXTargetDependency */ = {
			isa = PBXTargetDependency;
			target = 20E879E9277C7956005B3DB2 /* Reciplease */;
			targetProxy = 20E87A0F277C7961005B3DB2 /* PBXContainerItemProxy */;
		};
/* End PBXTargetDependency section */

/* Begin PBXVariantGroup section */
		20E879F3277C7956005B3DB2 /* Main.storyboard */ = {
			isa = PBXVariantGroup;
			children = (
				20E879F4277C7956005B3DB2 /* Base */,
			);
			name = Main.storyboard;
			sourceTree = "<group>";
		};
		20E879FB277C7961005B3DB2 /* LaunchScreen.storyboard */ = {
			isa = PBXVariantGroup;
			children = (
				20E879FC277C7961005B3DB2 /* Base */,
			);
			name = LaunchScreen.storyboard;
			sourceTree = "<group>";
		};
/* End PBXVariantGroup section */

/* Begin XCBuildConfiguration section */
		20E87A15277C7961005B3DB2 /* Debug */ = {
			isa = XCBuildConfiguration;
			buildSettings = {
				ALWAYS_SEARCH_USER_PATHS = NO;
				CLANG_ANALYZER_NONNULL = YES;
				CLANG_ANALYZER_NUMBER_OBJECT_CONVERSION = YES_AGGRESSIVE;
				CLANG_CXX_LANGUAGE_STANDARD = "gnu++14";
				CLANG_CXX_LIBRARY = "libc++";
				CLANG_ENABLE_MODULES = YES;
				CLANG_ENABLE_OBJC_ARC = YES;
				CLANG_ENABLE_OBJC_WEAK = YES;
				CLANG_WARN_BLOCK_CAPTURE_AUTORELEASING = YES;
				CLANG_WARN_BOOL_CONVERSION = YES;
				CLANG_WARN_COMMA = YES;
				CLANG_WARN_CONSTANT_CONVERSION = YES;
				CLANG_WARN_DEPRECATED_OBJC_IMPLEMENTATIONS = YES;
				CLANG_WARN_DIRECT_OBJC_ISA_USAGE = YES_ERROR;
				CLANG_WARN_DOCUMENTATION_COMMENTS = YES;
				CLANG_WARN_EMPTY_BODY = YES;
				CLANG_WARN_ENUM_CONVERSION = YES;
				CLANG_WARN_INFINITE_RECURSION = YES;
				CLANG_WARN_INT_CONVERSION = YES;
				CLANG_WARN_NON_LITERAL_NULL_CONVERSION = YES;
				CLANG_WARN_OBJC_IMPLICIT_RETAIN_SELF = YES;
				CLANG_WARN_OBJC_LITERAL_CONVERSION = YES;
				CLANG_WARN_OBJC_ROOT_CLASS = YES_ERROR;
				CLANG_WARN_QUOTED_INCLUDE_IN_FRAMEWORK_HEADER = YES;
				CLANG_WARN_RANGE_LOOP_ANALYSIS = YES;
				CLANG_WARN_STRICT_PROTOTYPES = YES;
				CLANG_WARN_SUSPICIOUS_MOVE = YES;
				CLANG_WARN_UNGUARDED_AVAILABILITY = YES_AGGRESSIVE;
				CLANG_WARN_UNREACHABLE_CODE = YES;
				CLANG_WARN__DUPLICATE_METHOD_MATCH = YES;
				COPY_PHASE_STRIP = NO;
				DEBUG_INFORMATION_FORMAT = dwarf;
				ENABLE_STRICT_OBJC_MSGSEND = YES;
				ENABLE_TESTABILITY = YES;
				GCC_C_LANGUAGE_STANDARD = gnu11;
				GCC_DYNAMIC_NO_PIC = NO;
				GCC_NO_COMMON_BLOCKS = YES;
				GCC_OPTIMIZATION_LEVEL = 0;
				GCC_PREPROCESSOR_DEFINITIONS = (
					"DEBUG=1",
					"$(inherited)",
				);
				GCC_WARN_64_TO_32_BIT_CONVERSION = YES;
				GCC_WARN_ABOUT_RETURN_TYPE = YES_ERROR;
				GCC_WARN_UNDECLARED_SELECTOR = YES;
				GCC_WARN_UNINITIALIZED_AUTOS = YES_AGGRESSIVE;
				GCC_WARN_UNUSED_FUNCTION = YES;
				GCC_WARN_UNUSED_VARIABLE = YES;
				IPHONEOS_DEPLOYMENT_TARGET = 14.4;
				MTL_ENABLE_DEBUG_INFO = INCLUDE_SOURCE;
				MTL_FAST_MATH = YES;
				ONLY_ACTIVE_ARCH = YES;
				SDKROOT = iphoneos;
				SWIFT_ACTIVE_COMPILATION_CONDITIONS = DEBUG;
				SWIFT_OPTIMIZATION_LEVEL = "-Onone";
			};
			name = Debug;
		};
		20E87A16277C7961005B3DB2 /* Release */ = {
			isa = XCBuildConfiguration;
			buildSettings = {
				ALWAYS_SEARCH_USER_PATHS = NO;
				CLANG_ANALYZER_NONNULL = YES;
				CLANG_ANALYZER_NUMBER_OBJECT_CONVERSION = YES_AGGRESSIVE;
				CLANG_CXX_LANGUAGE_STANDARD = "gnu++14";
				CLANG_CXX_LIBRARY = "libc++";
				CLANG_ENABLE_MODULES = YES;
				CLANG_ENABLE_OBJC_ARC = YES;
				CLANG_ENABLE_OBJC_WEAK = YES;
				CLANG_WARN_BLOCK_CAPTURE_AUTORELEASING = YES;
				CLANG_WARN_BOOL_CONVERSION = YES;
				CLANG_WARN_COMMA = YES;
				CLANG_WARN_CONSTANT_CONVERSION = YES;
				CLANG_WARN_DEPRECATED_OBJC_IMPLEMENTATIONS = YES;
				CLANG_WARN_DIRECT_OBJC_ISA_USAGE = YES_ERROR;
				CLANG_WARN_DOCUMENTATION_COMMENTS = YES;
				CLANG_WARN_EMPTY_BODY = YES;
				CLANG_WARN_ENUM_CONVERSION = YES;
				CLANG_WARN_INFINITE_RECURSION = YES;
				CLANG_WARN_INT_CONVERSION = YES;
				CLANG_WARN_NON_LITERAL_NULL_CONVERSION = YES;
				CLANG_WARN_OBJC_IMPLICIT_RETAIN_SELF = YES;
				CLANG_WARN_OBJC_LITERAL_CONVERSION = YES;
				CLANG_WARN_OBJC_ROOT_CLASS = YES_ERROR;
				CLANG_WARN_QUOTED_INCLUDE_IN_FRAMEWORK_HEADER = YES;
				CLANG_WARN_RANGE_LOOP_ANALYSIS = YES;
				CLANG_WARN_STRICT_PROTOTYPES = YES;
				CLANG_WARN_SUSPICIOUS_MOVE = YES;
				CLANG_WARN_UNGUARDED_AVAILABILITY = YES_AGGRESSIVE;
				CLANG_WARN_UNREACHABLE_CODE = YES;
				CLANG_WARN__DUPLICATE_METHOD_MATCH = YES;
				COPY_PHASE_STRIP = NO;
				DEBUG_INFORMATION_FORMAT = "dwarf-with-dsym";
				ENABLE_NS_ASSERTIONS = NO;
				ENABLE_STRICT_OBJC_MSGSEND = YES;
				GCC_C_LANGUAGE_STANDARD = gnu11;
				GCC_NO_COMMON_BLOCKS = YES;
				GCC_WARN_64_TO_32_BIT_CONVERSION = YES;
				GCC_WARN_ABOUT_RETURN_TYPE = YES_ERROR;
				GCC_WARN_UNDECLARED_SELECTOR = YES;
				GCC_WARN_UNINITIALIZED_AUTOS = YES_AGGRESSIVE;
				GCC_WARN_UNUSED_FUNCTION = YES;
				GCC_WARN_UNUSED_VARIABLE = YES;
				IPHONEOS_DEPLOYMENT_TARGET = 14.4;
				MTL_ENABLE_DEBUG_INFO = NO;
				MTL_FAST_MATH = YES;
				SDKROOT = iphoneos;
				SWIFT_COMPILATION_MODE = wholemodule;
				SWIFT_OPTIMIZATION_LEVEL = "-O";
				VALIDATE_PRODUCT = YES;
			};
			name = Release;
		};
		20E87A18277C7961005B3DB2 /* Debug */ = {
			isa = XCBuildConfiguration;
			baseConfigurationReference = 894B201CC631986EB7082CA9 /* Pods-Reciplease.debug.xcconfig */;
			buildSettings = {
				ASSETCATALOG_COMPILER_APPICON_NAME = AppIcon;
				ASSETCATALOG_COMPILER_GLOBAL_ACCENT_COLOR_NAME = AccentColor;
				CODE_SIGN_STYLE = Automatic;
				DEVELOPMENT_TEAM = 3UQTFY6Z46;
				INFOPLIST_FILE = "Reciplease/Supporting files/Info.plist";
				LD_RUNPATH_SEARCH_PATHS = (
					"$(inherited)",
					"@executable_path/Frameworks",
				);
				PRODUCT_BUNDLE_IDENTIFIER = com.jacquinlaura.Reciplease;
				PRODUCT_NAME = "$(TARGET_NAME)";
				SWIFT_VERSION = 5.0;
				TARGETED_DEVICE_FAMILY = 1;
			};
			name = Debug;
		};
		20E87A19277C7961005B3DB2 /* Release */ = {
			isa = XCBuildConfiguration;
			baseConfigurationReference = 68BF2485449A524CA741FE6A /* Pods-Reciplease.release.xcconfig */;
			buildSettings = {
				ASSETCATALOG_COMPILER_APPICON_NAME = AppIcon;
				ASSETCATALOG_COMPILER_GLOBAL_ACCENT_COLOR_NAME = AccentColor;
				CODE_SIGN_STYLE = Automatic;
				DEVELOPMENT_TEAM = 3UQTFY6Z46;
				INFOPLIST_FILE = "Reciplease/Supporting files/Info.plist";
				LD_RUNPATH_SEARCH_PATHS = (
					"$(inherited)",
					"@executable_path/Frameworks",
				);
				PRODUCT_BUNDLE_IDENTIFIER = com.jacquinlaura.Reciplease;
				PRODUCT_NAME = "$(TARGET_NAME)";
				SWIFT_VERSION = 5.0;
				TARGETED_DEVICE_FAMILY = 1;
			};
			name = Release;
		};
		20E87A1B277C7961005B3DB2 /* Debug */ = {
			isa = XCBuildConfiguration;
			baseConfigurationReference = BBAC19B95A56DD344CC1FBFE /* Pods-RecipleaseTests.debug.xcconfig */;
			buildSettings = {
				ALWAYS_EMBED_SWIFT_STANDARD_LIBRARIES = YES;
				BUNDLE_LOADER = "$(TEST_HOST)";
				CODE_SIGN_STYLE = Automatic;
				DEVELOPMENT_TEAM = 3UQTFY6Z46;
				INFOPLIST_FILE = RecipleaseTests/Info.plist;
				IPHONEOS_DEPLOYMENT_TARGET = 14.4;
				LD_RUNPATH_SEARCH_PATHS = (
					"$(inherited)",
					"@executable_path/Frameworks",
					"@loader_path/Frameworks",
				);
				PRODUCT_BUNDLE_IDENTIFIER = com.jacquinlaura.RecipleaseTests;
				PRODUCT_NAME = "$(TARGET_NAME)";
				SWIFT_VERSION = 5.0;
				TARGETED_DEVICE_FAMILY = "1,2";
				TEST_HOST = "$(BUILT_PRODUCTS_DIR)/Reciplease.app/Reciplease";
			};
			name = Debug;
		};
		20E87A1C277C7961005B3DB2 /* Release */ = {
			isa = XCBuildConfiguration;
			baseConfigurationReference = AB931E34110589884A3688A9 /* Pods-RecipleaseTests.release.xcconfig */;
			buildSettings = {
				ALWAYS_EMBED_SWIFT_STANDARD_LIBRARIES = YES;
				BUNDLE_LOADER = "$(TEST_HOST)";
				CODE_SIGN_STYLE = Automatic;
				DEVELOPMENT_TEAM = 3UQTFY6Z46;
				INFOPLIST_FILE = RecipleaseTests/Info.plist;
				IPHONEOS_DEPLOYMENT_TARGET = 14.4;
				LD_RUNPATH_SEARCH_PATHS = (
					"$(inherited)",
					"@executable_path/Frameworks",
					"@loader_path/Frameworks",
				);
				PRODUCT_BUNDLE_IDENTIFIER = com.jacquinlaura.RecipleaseTests;
				PRODUCT_NAME = "$(TARGET_NAME)";
				SWIFT_VERSION = 5.0;
				TARGETED_DEVICE_FAMILY = "1,2";
				TEST_HOST = "$(BUILT_PRODUCTS_DIR)/Reciplease.app/Reciplease";
			};
			name = Release;
		};
		20E87A1E277C7961005B3DB2 /* Debug */ = {
			isa = XCBuildConfiguration;
			baseConfigurationReference = 85C49A98F066051165FA8D12 /* Pods-RecipleaseUITests.debug.xcconfig */;
			buildSettings = {
				ALWAYS_EMBED_SWIFT_STANDARD_LIBRARIES = YES;
				CODE_SIGN_STYLE = Automatic;
				DEVELOPMENT_TEAM = 3UQTFY6Z46;
				INFOPLIST_FILE = RecipleaseUITests/Info.plist;
				LD_RUNPATH_SEARCH_PATHS = (
					"$(inherited)",
					"@executable_path/Frameworks",
					"@loader_path/Frameworks",
				);
				PRODUCT_BUNDLE_IDENTIFIER = com.jacquinlaura.RecipleaseUITests;
				PRODUCT_NAME = "$(TARGET_NAME)";
				SWIFT_VERSION = 5.0;
				TARGETED_DEVICE_FAMILY = "1,2";
				TEST_TARGET_NAME = Reciplease;
			};
			name = Debug;
		};
		20E87A1F277C7961005B3DB2 /* Release */ = {
			isa = XCBuildConfiguration;
			baseConfigurationReference = D1F5311497EEC441F8C42A13 /* Pods-RecipleaseUITests.release.xcconfig */;
			buildSettings = {
				ALWAYS_EMBED_SWIFT_STANDARD_LIBRARIES = YES;
				CODE_SIGN_STYLE = Automatic;
				DEVELOPMENT_TEAM = 3UQTFY6Z46;
				INFOPLIST_FILE = RecipleaseUITests/Info.plist;
				LD_RUNPATH_SEARCH_PATHS = (
					"$(inherited)",
					"@executable_path/Frameworks",
					"@loader_path/Frameworks",
				);
				PRODUCT_BUNDLE_IDENTIFIER = com.jacquinlaura.RecipleaseUITests;
				PRODUCT_NAME = "$(TARGET_NAME)";
				SWIFT_VERSION = 5.0;
				TARGETED_DEVICE_FAMILY = "1,2";
				TEST_TARGET_NAME = Reciplease;
			};
			name = Release;
		};
/* End XCBuildConfiguration section */

/* Begin XCConfigurationList section */
		20E879E5277C7956005B3DB2 /* Build configuration list for PBXProject "Reciplease" */ = {
			isa = XCConfigurationList;
			buildConfigurations = (
				20E87A15277C7961005B3DB2 /* Debug */,
				20E87A16277C7961005B3DB2 /* Release */,
			);
			defaultConfigurationIsVisible = 0;
			defaultConfigurationName = Release;
		};
		20E87A17277C7961005B3DB2 /* Build configuration list for PBXNativeTarget "Reciplease" */ = {
			isa = XCConfigurationList;
			buildConfigurations = (
				20E87A18277C7961005B3DB2 /* Debug */,
				20E87A19277C7961005B3DB2 /* Release */,
			);
			defaultConfigurationIsVisible = 0;
			defaultConfigurationName = Release;
		};
		20E87A1A277C7961005B3DB2 /* Build configuration list for PBXNativeTarget "RecipleaseTests" */ = {
			isa = XCConfigurationList;
			buildConfigurations = (
				20E87A1B277C7961005B3DB2 /* Debug */,
				20E87A1C277C7961005B3DB2 /* Release */,
			);
			defaultConfigurationIsVisible = 0;
			defaultConfigurationName = Release;
		};
		20E87A1D277C7961005B3DB2 /* Build configuration list for PBXNativeTarget "RecipleaseUITests" */ = {
			isa = XCConfigurationList;
			buildConfigurations = (
				20E87A1E277C7961005B3DB2 /* Debug */,
				20E87A1F277C7961005B3DB2 /* Release */,
			);
			defaultConfigurationIsVisible = 0;
			defaultConfigurationName = Release;
		};
/* End XCConfigurationList section */

/* Begin XCVersionGroup section */
		20E879F6277C7956005B3DB2 /* Reciplease.xcdatamodeld */ = {
			isa = XCVersionGroup;
			children = (
				20E879F7277C7956005B3DB2 /* Reciplease.xcdatamodel */,
			);
			currentVersion = 20E879F7277C7956005B3DB2 /* Reciplease.xcdatamodel */;
			path = Reciplease.xcdatamodeld;
			sourceTree = "<group>";
			versionGroupType = wrapper.xcdatamodel;
		};
/* End XCVersionGroup section */
	};
	rootObject = 20E879E2277C7956005B3DB2 /* Project object */;
}
